{
  "name": "utils",
  "version": "0.0.1",
  "lockfileVersion": 3,
  "requires": true,
  "packages": {
    "": {
      "name": "utils",
      "version": "0.0.1",
      "license": "MIT",
      "dependencies": {
        "@cripty2001/whispr": "^0.1.0",
        "@types/lodash": "^4.17.20",
        "lodash": "^4.17.21"
      },
      "devDependencies": {
        "typescript": "^5.9.3"
      }
    },
    "node_modules/@cripty2001/whispr": {
      "version": "0.1.0",
      "resolved": "https://registry.npmjs.org/@cripty2001/whispr/-/whispr-0.1.0.tgz",
      "integrity": "sha512-pPT6ZgMmSt/5T1sfOkyzS1yDrIT1xMXvyIRbuGe42BTrRYQiEeKf9GePYzdfjormHUB0pp6zAk9oY3z9eYT5Ow==",
      "license": "MIT"
    },
    "node_modules/@types/lodash": {
      "version": "4.17.20",
      "resolved": "https://registry.npmjs.org/@types/lodash/-/lodash-4.17.20.tgz",
      "integrity": "sha512-H3MHACvFUEiujabxhaI/ImO6gUrd8oOurg7LQtS7mbwIXA/cUqWrvBsaeJ23aZEPk1TAYkurjfMbSELfoCXlGA==",
      "license": "MIT"
    },
    "node_modules/lodash": {
      "version": "4.17.21",
      "resolved": "https://registry.npmjs.org/lodash/-/lodash-4.17.21.tgz",
      "integrity": "sha512-v2kDEe57lecTulaDIuNTPy3Ry4gLGJ6Z1O3vE1krgXZNrsQ+LFTGHVxVjcXPs17LhbZVGedAJv8XZ1tvj5FvSg==",
      "license": "MIT"
    },
    "node_modules/typescript": {
      "version": "5.9.3",
      "resolved": "https://registry.npmjs.org/typescript/-/typescript-5.9.3.tgz",
      "integrity": "sha512-jl1vZzPDinLr9eUt3J/t7V6FgNEw9QjvBPdysz9KfQDD41fQrC2Y4vKQdiaUpFT4bXlb1RHhLpp8wtm6M5TgSw==",
      "dev": true,
      "license": "Apache-2.0",
      "bin": {
        "tsc": "bin/tsc",
        "tsserver": "bin/tsserver"
      },
      "engines": {
        "node": ">=14.17"
      }
    }
  }
}
